# This file is autogenerated, do not edit; changes may be undone by the next 'dep ensure'.


[[projects]]
  digest = "1:8ef5ecea9cd37f4af46d8660a0fc6ee6f4e27b54509ce3b203d851fd9f0e152b"
  name = "github.com/Unknwon/com"
  packages = ["."]
  pruneopts = "UT"
  revision = "757f69c95f3e6e3ef823a57bfc3b4ca50804523e"
  version = "v1.0.1"

[[projects]]
  digest = "1:f438d91be142877c3ad83157992c91de787ddfbddcc2a7da1ef6ef61606cadc4"
  name = "github.com/cheekybits/genny"
  packages = ["generic"]
  pruneopts = "UT"
  revision = "d2cf3cdd35ce0d789056c4bc02a4d6349c947caf"
  version = "v1.0.0"

[[projects]]
  digest = "1:ffe9824d294da03b391f44e1ae8281281b4afc1bdaa9588c9097785e3af10cec"
  name = "github.com/davecgh/go-spew"
  packages = ["spew"]
  pruneopts = "UT"
  revision = "8991bc29aa16c548c550c7ff78260e27b9ab7c73"
  version = "v1.1.1"

[[projects]]
  digest = "1:6e6a015e8e8fa80006309826c6129b59341c56103245da051f206b1b3605f0bb"
  name = "github.com/fatih/color"
  packages = ["."]
  pruneopts = "UT"
  revision = "bc2269661d49c6c9d0e514eef49710556883f3fa"
  version = "v1.10.0"

[[projects]]
  digest = "1:870d441fe217b8e689d7949fef6e43efbc787e50f200cb1e70dbca9204a1d6be"
  name = "github.com/inconshreveable/mousetrap"
  packages = ["."]
  pruneopts = "UT"
  revision = "76626ae9c91c4f2a10f34cad8ce83ea42c93bb75"
  version = "v1.0"

[[projects]]
  digest = "1:13d004ad0ce2d98c8ebe066537557fd02877829f7620555640be0cd2a97a3b22"
  name = "github.com/k0kubun/pp"
  packages = ["."]
  pruneopts = "UT"
  revision = "b4ea8dff3a5c0c96497325dead21115b943e558c"
  version = "v3.0.6"

[[projects]]
  digest = "1:304d25ecc3f4ca39f894c959254d3f5fc6176276ccf1f874ded0cd441e2f964f"
  name = "github.com/mattn/go-colorable"
  packages = ["."]
  pruneopts = "UT"
  revision = "2e1b0c1546e0173c0907cf05c67b8ba29ed8b4d1"
  version = "v0.1.8"

[[projects]]
  digest = "1:0c58d31abe2a2ccb429c559b6292e7df89dcda675456fecc282fa90aa08273eb"
  name = "github.com/mattn/go-isatty"
  packages = ["."]
  pruneopts = "UT"
  revision = "7b513a986450394f7bbf1476909911b3aa3a55ce"
  version = "v0.0.12"

[[projects]]
  digest = "1:cf31692c14422fa27c83a05292eb5cbe0fb2775972e8f1f8446a71549bd8980b"
  name = "github.com/pkg/errors"
  packages = ["."]
  pruneopts = "UT"
  revision = "ba968bfe8b2f7e042a574c888954fccecfa385b4"
  version = "v0.8.1"

[[projects]]
  digest = "1:0028cb19b2e4c3112225cd871870f2d9cf49b9b4276531f03438a88e94be86fe"
  name = "github.com/pmezard/go-difflib"
  packages = ["difflib"]
  pruneopts = "UT"
  revision = "792786c7400a136282c1664665ae0a8db921c6c2"
  version = "v1.0.0"

[[projects]]
  digest = "1:f9fabbb31b1ee489d371e01f7cbaf6860b96750fc04a55241d44ac60ad896433"
  name = "github.com/spf13/cobra"
  packages = ["."]
  pruneopts = "UT"
  revision = "86f8bfd7fef868a174e1b606783bd7f5c82ddf8f"
  version = "v1.1.1"

[[projects]]
  digest = "1:524b71991fc7d9246cc7dc2d9e0886ccb97648091c63e30eef619e6862c955dd"
  name = "github.com/spf13/pflag"
  packages = ["."]
  pruneopts = "UT"
  revision = "2e9d26c8c37aae03e3f9d4e90b7116f5accb7cab"
  version = "v1.0.5"

[[projects]]
  digest = "1:2c8bb9a0858e2ab458c1641345b6eaa3754b7ae453f8d30b15701f8b12b7ead7"
  name = "github.com/stretchr/testify"
  packages = ["assert"]
  pruneopts = "UT"
  revision = "f654a9112bbeac49ca2cd45bfbe11533c4666cf8"
  version = "v1.6.1"

[[projects]]
  branch = "master"
  digest = "1:9a9dc02aee4fb5c43b17d3349577c77e1838d16473f6caf7bade035d3b1dc89a"
  name = "golang.org/x/sys"
  packages = [
    "internal/unsafeheader",
    "unix",
  ]
  pruneopts = "UT"
  revision = "3a5be0200099d4f75787743aa8a137f19b28ce74"

[[projects]]
  branch = "v3"
  digest = "1:229cb0f6192914f518cc1241ede6d6f1f458b31debfa18bf3a5c9e4f7b01e24b"
  name = "gopkg.in/yaml.v3"
  packages = ["."]
  pruneopts = "UT"
  revision = "eeeca48fe7764f320e4870d231902bf9c1be2c08"

[solve-meta]
  analyzer-name = "dep"
  analyzer-version = 1
  input-imports = [
    "github.com/Unknwon/com",
    "github.com/cheekybits/genny/generic",
    "github.com/fatih/color",
    "github.com/k0kubun/pp",
    "github.com/pkg/errors",
    "github.com/spf13/cobra",
    "github.com/stretchr/testify/assert",
  ]
  solver-name = "gps-cdcl"
  solver-version = 1
